
Microsoft Visual Studio Solution File, Format Version 12.00
# Visual Studio Version 17
VisualStudioVersion = 17.11.35327.3
MinimumVisualStudioVersion = 10.0.40219.1
Project("{9A19103F-16F7-4668-BE54-9A1E7A4F7556}") = "WFInicial", "WFInicial\WFInicial.csproj", "{122B0BCB-EC49-4D58-85FE-4868D6E861FF}"
EndProject
Project("{9A19103F-16F7-4668-BE54-9A1E7A4F7556}") = "Cex1", "CRevisao\Cex1.csproj", "{D001C38C-E99D-4FE3-AF5A-1233FE2ECDB5}"
EndProject
Project("{9A19103F-16F7-4668-BE54-9A1E7A4F7556}") = "Cex2", "Cex2\Cex2.csproj", "{B01B4E79-9247-4709-AD79-1AC74AA1EA4B}"
EndProject
Project("{9A19103F-16F7-4668-BE54-9A1E7A4F7556}") = "Cex3", "Cex3\Cex3.csproj", "{E717718E-30F5-4DFC-B32B-63B581972973}"
EndProject
Project("{FAE04EC0-301F-11D3-BF4B-00C04F79EFBC}") = "Cex4", "Cex4\Cex4.csproj", "{35C9AB3C-A69F-48C1-A691-F24501218EEB}"
EndProject
Project("{FAE04EC0-301F-11D3-BF4B-00C04F79EFBC}") = "Cex5", "Cex5\Cex5.csproj", "{FA864DED-4C5D-4C62-A11B-491B8B60D4FD}"
EndProject
Global
	GlobalSection(SolutionConfigurationPlatforms) = preSolution
		Debug|Any CPU = Debug|Any CPU
		Release|Any CPU = Release|Any CPU
	EndGlobalSection
	GlobalSection(ProjectConfigurationPlatforms) = postSolution
		{122B0BCB-EC49-4D58-85FE-4868D6E861FF}.Debug|Any CPU.ActiveCfg = Debug|Any CPU
		{122B0BCB-EC49-4D58-85FE-4868D6E861FF}.Debug|Any CPU.Build.0 = Debug|Any CPU
		{122B0BCB-EC49-4D58-85FE-4868D6E861FF}.Release|Any CPU.ActiveCfg = Release|Any CPU
		{122B0BCB-EC49-4D58-85FE-4868D6E861FF}.Release|Any CPU.Build.0 = Release|Any CPU
		{D001C38C-E99D-4FE3-AF5A-1233FE2ECDB5}.Debug|Any CPU.ActiveCfg = Debug|Any CPU
		{D001C38C-E99D-4FE3-AF5A-1233FE2ECDB5}.Debug|Any CPU.Build.0 = Debug|Any CPU
		{D001C38C-E99D-4FE3-AF5A-1233FE2ECDB5}.Release|Any CPU.ActiveCfg = Release|Any CPU
		{D001C38C-E99D-4FE3-AF5A-1233FE2ECDB5}.Release|Any CPU.Build.0 = Release|Any CPU
		{B01B4E79-9247-4709-AD79-1AC74AA1EA4B}.Debug|Any CPU.ActiveCfg = Debug|Any CPU
		{B01B4E79-9247-4709-AD79-1AC74AA1EA4B}.Debug|Any CPU.Build.0 = Debug|Any CPU
		{B01B4E79-9247-4709-AD79-1AC74AA1EA4B}.Release|Any CPU.ActiveCfg = Release|Any CPU
		{B01B4E79-9247-4709-AD79-1AC74AA1EA4B}.Release|Any CPU.Build.0 = Release|Any CPU
		{E717718E-30F5-4DFC-B32B-63B581972973}.Debug|Any CPU.ActiveCfg = Debug|Any CPU
		{E717718E-30F5-4DFC-B32B-63B581972973}.Debug|Any CPU.Build.0 = Debug|Any CPU
		{E717718E-30F5-4DFC-B32B-63B581972973}.Release|Any CPU.ActiveCfg = Release|Any CPU
		{E717718E-30F5-4DFC-B32B-63B581972973}.Release|Any CPU.Build.0 = Release|Any CPU
		{35C9AB3C-A69F-48C1-A691-F24501218EEB}.Debug|Any CPU.ActiveCfg = Debug|Any CPU
		{35C9AB3C-A69F-48C1-A691-F24501218EEB}.Debug|Any CPU.Build.0 = Debug|Any CPU
		{35C9AB3C-A69F-48C1-A691-F24501218EEB}.Release|Any CPU.ActiveCfg = Release|Any CPU
		{35C9AB3C-A69F-48C1-A691-F24501218EEB}.Release|Any CPU.Build.0 = Release|Any CPU
		{FA864DED-4C5D-4C62-A11B-491B8B60D4FD}.Debug|Any CPU.ActiveCfg = Debug|Any CPU
		{FA864DED-4C5D-4C62-A11B-491B8B60D4FD}.Debug|Any CPU.Build.0 = Debug|Any CPU
		{FA864DED-4C5D-4C62-A11B-491B8B60D4FD}.Release|Any CPU.ActiveCfg = Release|Any CPU
		{FA864DED-4C5D-4C62-A11B-491B8B60D4FD}.Release|Any CPU.Build.0 = Release|Any CPU
	EndGlobalSection
	GlobalSection(SolutionProperties) = preSolution
		HideSolutionNode = FALSE
	EndGlobalSection
	GlobalSection(ExtensibilityGlobals) = postSolution
		SolutionGuid = {13AB05D5-3BFB-440D-B274-F371EE2A1CB0}
	EndGlobalSection
EndGlobal
